<Solution>
  <Configurations>
    <Platform Name="x64" />
    <Platform Name="x86" />
  </Configurations>
  <Folder Name="/Documentation/">
    <File Path="Documentation/Visibility &amp; Declarations.md" />
  </Folder>
  <Project Path="cCloth/cCloth.vcxproj" Id="e90398bf-f672-4293-8abf-1fd97c3e64cc" />
</Solution>
